
Microsoft Visual Studio Solution File, Format Version 12.00
# Visual Studio Version 17
VisualStudioVersion = 17.7.34003.232
MinimumVisualStudioVersion = 10.0.40219.1
Project("{FAE04EC0-301F-11D3-BF4B-00C04F79EFBC}") = "StudentManagementPro", "StudentManagementPro.csproj", "{DFE8B70D-949B-4D3A-BB6E-1CBB3561EDA4}"
EndProject
Global
	GlobalSection(SolutionConfigurationPlatforms) = preSolution
		Debug|Any CPU = Debug|Any CPU
		Release|Any CPU = Release|Any CPU
	EndGlobalSection
	GlobalSection(ProjectConfigurationPlatforms) = postSolution
		{DFE8B70D-949B-4D3A-BB6E-1CBB3561EDA4}.Debug|Any CPU.ActiveCfg = Debug|Any CPU
		{DFE8B70D-949B-4D3A-BB6E-1CBB3561EDA4}.Debug|Any CPU.Build.0 = Debug|Any CPU
		{DFE8B70D-949B-4D3A-BB6E-1CBB3561EDA4}.Release|Any CPU.ActiveCfg = Release|Any CPU
		{DFE8B70D-949B-4D3A-BB6E-1CBB3561EDA4}.Release|Any CPU.Build.0 = Release|Any CPU
	EndGlobalSection
	GlobalSection(SolutionProperties) = preSolution
		HideSolutionNode = FALSE
	EndGlobalSection
	GlobalSection(ExtensibilityGlobals) = postSolution
		SolutionGuid = {8A581650-E355-43FF-9754-81396EF4AC42}
	EndGlobalSection
EndGlobal
